sonata_block:
    context_manager: sonata.block.context_manager.default
    default_contexts: [sonata_page_bundle]
    blocks:
        sonata.admin.block.admin_list:
            contexts: [admin]
        sonata.admin.block.search_result:
            contexts: [admin]

#        # PageBundle's Blocks
#        sonata.page.block.container:
#            contexts: [sonata_page_bundle]
        sonata.page.block.ajax:
            contexts: [cms]
#        sonata.page.block.context_manager:
#            contexts: [sonata_page_bundle]
        page.block.site_variable:
            contexts: [cms, sonata_page_bundle]

        # AppBundle's Blocks
        app.block.service.header:
            contexts: [cms, sonata_page_bundle]
        app.block.service.footer:
            contexts: [cms, sonata_page_bundle]
        app.block.service.menu:
            contexts: [cms, sonata_page_bundle]
        app.block.service.cart:
            contexts: [cms, sonata_page_bundle]
        app.block.service.feedback:
            contexts: [cms, sonata_page_bundle]
        app.block.service.search:
            contexts: [cms, sonata_page_bundle]
        app.block.service.search_category:
            contexts: [cms, sonata_page_bundle]
        app.block.service.breadcrumb:
            contexts: [cms, sonata_page_bundle]
#        app.block.service.get_state_value:
#            contexts: [cms]

        # MainImageBundle Block's
        main.block.image:
            contexts: [cms, sonata_page_bundle]

        information.block.info:
            contexts: [cms, sonata_page_bundle]

        # BookBundle Block's
        book.block.list:
            contexts: [cms, sonata_page_bundle]
        book.block.book_voting:
            contexts: [cms, sonata_page_bundle]
        book.block.popular:
            contexts: [cms, sonata_page_bundle]
        book.block.collection_list:
            contexts: [cms, sonata_page_bundle]
        book.block.collection_genre:
            contexts: [cms, sonata_page_bundle]

        product.block.list:
            contexts: [cms, sonata_page_bundle]
        product.block.popular:
            contexts: [cms, sonata_page_bundle]
        product.block.viewed:
            contexts: [cms, sonata_page_bundle]

        # ArticleBundle Block's
        article.block.list:
            contexts: [cms, sonata_page_bundle]

        # GenreBundle Block's
        genre.block.genre_list:
            contexts: [cms, sonata_page_bundle]

        # SeriesBundle Block's
        series.block.series_list:
            contexts: [cms, sonata_page_bundle]

        # ShareBundle Block's
        share.block.tag_list:
            contexts: [cms, sonata_page_bundle]
        share.block.author_list:
            contexts: [cms, sonata_page_bundle]
        share.block.stones:
            contexts: [cms, sonata_page_bundle]
        share.block.stone_constructor:
            contexts: [cms, sonata_page_bundle]
        share.block.zodiac:
            contexts: [cms, sonata_page_bundle]

        quiz.block.service.quiz:
            contexts: [cms, sonata_page_bundle]

        # OrderBundle Block's
        order.block.order_board_list:
            contexts: [cms, sonata_page_bundle]

        # WheelSpin Block's
        wheel_spin.block.wheel_spinner:
            contexts: [cms, sonata_page_bundle]

        # CommentBundle Block's
        comment.block.list_comments:
            contexts: [cms, sonata_page_bundle]
        comment.block.add_comment:
            contexts: [cms, sonata_page_bundle]
        comment.block.list_swaps:
            contexts: [cms, sonata_page_bundle]
        comment.block.add_swap:
            contexts: [cms, sonata_page_bundle]
#
#        # UserBundle's Blocks
#        sonata.user.block.account: # used to display menu option (login option)
#            contexts: [user]
#            cache: sonata.page.cache.js_async
#        sonata.user.block.menu: # used to display the menu in profile pages
#            contexts: [user]
